
Microsoft Visual Studio Solution File, Format Version 12.00
Project("{FAE04EC0-301F-11D3-BF4B-00C04F79EFBC}") = "NotificationService.WebAPI", "NotificationService.WebAPI\NotificationService.WebAPI.csproj", "{28F27DB3-F8DD-464F-966E-1EE0005C25A8}"
EndProject
Project("{2150E333-8FDC-42A3-9474-1A3956D46DE8}") = "OrderService", "OrderService", "{AFEEF272-E245-4E34-A733-1A9F09638724}"
EndProject
Project("{2150E333-8FDC-42A3-9474-1A3956D46DE8}") = "Solution Items", "Solution Items", "{5578254F-AACC-405E-A2B5-63F639B7F8DB}"
	ProjectSection(SolutionItems) = preProject
		docker-compose.yml = docker-compose.yml
	EndProjectSection
EndProject
Project("{FAE04EC0-301F-11D3-BF4B-00C04F79EFBC}") = "OrderService.WebAPI", "OrderService.WebAPI\OrderService.WebAPI.csproj", "{FA4BD3B3-388F-49FE-9E6E-78EB5F847D5A}"
EndProject
Project("{FAE04EC0-301F-11D3-BF4B-00C04F79EFBC}") = "OrderService.Domain", "OrderService.Domain\OrderService.Domain.csproj", "{5CF81ABD-E074-4BFA-A827-B00CDCDDE001}"
EndProject
Project("{2150E333-8FDC-42A3-9474-1A3956D46DE8}") = "NotificationService", "NotificationService", "{C8938910-23F7-4920-986B-43844A6F855D}"
EndProject
Project("{FAE04EC0-301F-11D3-BF4B-00C04F79EFBC}") = "OrderService.ApplicationService", "OrderService.ApplicationService\OrderService.ApplicationService.csproj", "{1A3CA294-0BC9-4440-81A8-A796D93F929E}"
EndProject
Project("{FAE04EC0-301F-11D3-BF4B-00C04F79EFBC}") = "OrderService.DataAccess", "OrderService.DataAccess\OrderService.DataAccess.csproj", "{8785CED2-2A26-4006-BD3B-9CC551D5C009}"
EndProject
Project("{FAE04EC0-301F-11D3-BF4B-00C04F79EFBC}") = "NotificationService.Domain", "NotificationService.Domain\NotificationService.Domain.csproj", "{A49EB3E9-7818-4E4F-B873-56652CB345FF}"
EndProject
Project("{FAE04EC0-301F-11D3-BF4B-00C04F79EFBC}") = "NotificationService.ApplicationService", "NotificationService.ApplicationService\NotificationService.ApplicationService.csproj", "{BC0445D6-FC8B-47A6-8ADF-83E7EF7F08FF}"
EndProject
Project("{FAE04EC0-301F-11D3-BF4B-00C04F79EFBC}") = "NotificationService.DataAccess", "NotificationService.DataAccess\NotificationService.DataAccess.csproj", "{D0DEC787-815E-49EA-890C-C464A30959A1}"
EndProject
Project("{2150E333-8FDC-42A3-9474-1A3956D46DE8}") = "Core", "Core", "{49B6504F-26BE-49DA-B758-91B3A7F71954}"
EndProject
Project("{FAE04EC0-301F-11D3-BF4B-00C04F79EFBC}") = "SharedCore", "SharedCore\SharedCore.csproj", "{91B9BAC0-47E2-40FB-80B3-09357C003574}"
EndProject
Project("{2150E333-8FDC-42A3-9474-1A3956D46DE8}") = "EngineService", "EngineService", "{D4A5D77C-09A4-47D9-A7B6-D0642DF93738}"
EndProject
Project("{2150E333-8FDC-42A3-9474-1A3956D46DE8}") = "ChassisService", "ChassisService", "{3C24A3D9-566A-4F38-89B7-A91D014C333E}"
EndProject
Project("{2150E333-8FDC-42A3-9474-1A3956D46DE8}") = "OptionPacksService", "OptionPacksService", "{B1DC7C35-5097-4D0C-AF5A-46FDBEDC5D46}"
EndProject
Project("{2150E333-8FDC-42A3-9474-1A3956D46DE8}") = "WarehouseService", "WarehouseService", "{4A72D7EC-74AF-43BB-A6F8-0036761B0572}"
EndProject
Project("{FAE04EC0-301F-11D3-BF4B-00C04F79EFBC}") = "ChassisService.ApplicationService", "ChassisService.ApplicationService\ChassisService.ApplicationService.csproj", "{A3D25D14-7D77-4417-A760-B269B785DE53}"
EndProject
Project("{FAE04EC0-301F-11D3-BF4B-00C04F79EFBC}") = "ChassisService.Domain", "ChassisService.Domain\ChassisService.Domain.csproj", "{B3C190D2-8B2E-4EFA-87A0-F8B44E458FB5}"
EndProject
Project("{FAE04EC0-301F-11D3-BF4B-00C04F79EFBC}") = "ChassisService.DataAccess", "ChassisService.DataAccess\ChassisService.DataAccess.csproj", "{0CEC6B13-ACC8-4EB5-82B4-444B9D07EC8B}"
EndProject
Project("{FAE04EC0-301F-11D3-BF4B-00C04F79EFBC}") = "EngineService.ApplicationService", "EngineService.ApplicationService\EngineService.ApplicationService.csproj", "{B971EDD3-0CD5-4662-9C90-20F2650FABAC}"
EndProject
Project("{FAE04EC0-301F-11D3-BF4B-00C04F79EFBC}") = "EngineService.Domain", "EngineService.Domain\EngineService.Domain.csproj", "{F141BF88-1F03-4D7C-8AA5-8AA667ACF8DF}"
EndProject
Project("{FAE04EC0-301F-11D3-BF4B-00C04F79EFBC}") = "EngineService.DataAccess", "EngineService.DataAccess\EngineService.DataAccess.csproj", "{06364D4E-066C-40D8-AE3E-F9C2E01BAB70}"
EndProject
Project("{FAE04EC0-301F-11D3-BF4B-00C04F79EFBC}") = "OptionPacksService.ApplicationService", "OptionPacksService.ApplicationService\OptionPacksService.ApplicationService.csproj", "{04F875E8-19EB-4002-9BDB-5CE88A85D465}"
EndProject
Project("{FAE04EC0-301F-11D3-BF4B-00C04F79EFBC}") = "OptionPacksService.Domain", "OptionPacksService.Domain\OptionPacksService.Domain.csproj", "{275956D7-C035-4197-8096-26F03DA81A1D}"
EndProject
Project("{FAE04EC0-301F-11D3-BF4B-00C04F79EFBC}") = "OptionPacksService.DataAccess", "OptionPacksService.DataAccess\OptionPacksService.DataAccess.csproj", "{08E93B05-4C71-4E16-92F1-D4CDFD2F51B9}"
EndProject
Project("{FAE04EC0-301F-11D3-BF4B-00C04F79EFBC}") = "WarehouseService.ApplicationService", "WarehouseService.ApplicationService\WarehouseService.ApplicationService.csproj", "{75CC6481-D271-45C6-B40A-212743C5BD92}"
EndProject
Project("{FAE04EC0-301F-11D3-BF4B-00C04F79EFBC}") = "WarehouseService.Domain", "WarehouseService.Domain\WarehouseService.Domain.csproj", "{12600781-7EC6-4091-8E43-0B89A0BD1BC1}"
EndProject
Project("{FAE04EC0-301F-11D3-BF4B-00C04F79EFBC}") = "WarehouseService.DataAccess", "WarehouseService.DataAccess\WarehouseService.DataAccess.csproj", "{550AE9C8-2A99-47B1-B4FF-A6EA71039B44}"
EndProject
Project("{FAE04EC0-301F-11D3-BF4B-00C04F79EFBC}") = "WarehouseService.WebAPI", "WarehouseService.WebAPI\WarehouseService.WebAPI.csproj", "{1956D698-6CB1-48B2-9477-0D9C11AAD5B3}"
EndProject
Project("{FAE04EC0-301F-11D3-BF4B-00C04F79EFBC}") = "EngineService.WebAPI", "EngineService.WebAPI\EngineService.WebAPI.csproj", "{C6B9A4EB-1E95-43BC-B308-35B6FA158BA1}"
EndProject
Project("{FAE04EC0-301F-11D3-BF4B-00C04F79EFBC}") = "ChassisService.WebAPI", "ChassisService.WebAPI\ChassisService.WebAPI.csproj", "{8B4438B3-8817-4D48-93DC-D21E6347418A}"
EndProject
Project("{FAE04EC0-301F-11D3-BF4B-00C04F79EFBC}") = "OptionPacksService.WebAPI", "OptionPacksService.WebAPI\OptionPacksService.WebAPI.csproj", "{F94BA742-0E2D-4C09-9559-531E167FB6D8}"
EndProject
Global
	GlobalSection(SolutionConfigurationPlatforms) = preSolution
		Debug|Any CPU = Debug|Any CPU
		Release|Any CPU = Release|Any CPU
	EndGlobalSection
	GlobalSection(ProjectConfigurationPlatforms) = postSolution
		{28F27DB3-F8DD-464F-966E-1EE0005C25A8}.Debug|Any CPU.ActiveCfg = Debug|Any CPU
		{28F27DB3-F8DD-464F-966E-1EE0005C25A8}.Debug|Any CPU.Build.0 = Debug|Any CPU
		{28F27DB3-F8DD-464F-966E-1EE0005C25A8}.Release|Any CPU.ActiveCfg = Release|Any CPU
		{28F27DB3-F8DD-464F-966E-1EE0005C25A8}.Release|Any CPU.Build.0 = Release|Any CPU
		{FA4BD3B3-388F-49FE-9E6E-78EB5F847D5A}.Debug|Any CPU.ActiveCfg = Debug|Any CPU
		{FA4BD3B3-388F-49FE-9E6E-78EB5F847D5A}.Debug|Any CPU.Build.0 = Debug|Any CPU
		{FA4BD3B3-388F-49FE-9E6E-78EB5F847D5A}.Release|Any CPU.ActiveCfg = Release|Any CPU
		{FA4BD3B3-388F-49FE-9E6E-78EB5F847D5A}.Release|Any CPU.Build.0 = Release|Any CPU
		{5CF81ABD-E074-4BFA-A827-B00CDCDDE001}.Debug|Any CPU.ActiveCfg = Debug|Any CPU
		{5CF81ABD-E074-4BFA-A827-B00CDCDDE001}.Debug|Any CPU.Build.0 = Debug|Any CPU
		{5CF81ABD-E074-4BFA-A827-B00CDCDDE001}.Release|Any CPU.ActiveCfg = Release|Any CPU
		{5CF81ABD-E074-4BFA-A827-B00CDCDDE001}.Release|Any CPU.Build.0 = Release|Any CPU
		{1A3CA294-0BC9-4440-81A8-A796D93F929E}.Debug|Any CPU.ActiveCfg = Debug|Any CPU
		{1A3CA294-0BC9-4440-81A8-A796D93F929E}.Debug|Any CPU.Build.0 = Debug|Any CPU
		{1A3CA294-0BC9-4440-81A8-A796D93F929E}.Release|Any CPU.ActiveCfg = Release|Any CPU
		{1A3CA294-0BC9-4440-81A8-A796D93F929E}.Release|Any CPU.Build.0 = Release|Any CPU
		{8785CED2-2A26-4006-BD3B-9CC551D5C009}.Debug|Any CPU.ActiveCfg = Debug|Any CPU
		{8785CED2-2A26-4006-BD3B-9CC551D5C009}.Debug|Any CPU.Build.0 = Debug|Any CPU
		{8785CED2-2A26-4006-BD3B-9CC551D5C009}.Release|Any CPU.ActiveCfg = Release|Any CPU
		{8785CED2-2A26-4006-BD3B-9CC551D5C009}.Release|Any CPU.Build.0 = Release|Any CPU
		{A49EB3E9-7818-4E4F-B873-56652CB345FF}.Debug|Any CPU.ActiveCfg = Debug|Any CPU
		{A49EB3E9-7818-4E4F-B873-56652CB345FF}.Debug|Any CPU.Build.0 = Debug|Any CPU
		{A49EB3E9-7818-4E4F-B873-56652CB345FF}.Release|Any CPU.ActiveCfg = Release|Any CPU
		{A49EB3E9-7818-4E4F-B873-56652CB345FF}.Release|Any CPU.Build.0 = Release|Any CPU
		{BC0445D6-FC8B-47A6-8ADF-83E7EF7F08FF}.Debug|Any CPU.ActiveCfg = Debug|Any CPU
		{BC0445D6-FC8B-47A6-8ADF-83E7EF7F08FF}.Debug|Any CPU.Build.0 = Debug|Any CPU
		{BC0445D6-FC8B-47A6-8ADF-83E7EF7F08FF}.Release|Any CPU.ActiveCfg = Release|Any CPU
		{BC0445D6-FC8B-47A6-8ADF-83E7EF7F08FF}.Release|Any CPU.Build.0 = Release|Any CPU
		{D0DEC787-815E-49EA-890C-C464A30959A1}.Debug|Any CPU.ActiveCfg = Debug|Any CPU
		{D0DEC787-815E-49EA-890C-C464A30959A1}.Debug|Any CPU.Build.0 = Debug|Any CPU
		{D0DEC787-815E-49EA-890C-C464A30959A1}.Release|Any CPU.ActiveCfg = Release|Any CPU
		{D0DEC787-815E-49EA-890C-C464A30959A1}.Release|Any CPU.Build.0 = Release|Any CPU
		{91B9BAC0-47E2-40FB-80B3-09357C003574}.Debug|Any CPU.ActiveCfg = Debug|Any CPU
		{91B9BAC0-47E2-40FB-80B3-09357C003574}.Debug|Any CPU.Build.0 = Debug|Any CPU
		{91B9BAC0-47E2-40FB-80B3-09357C003574}.Release|Any CPU.ActiveCfg = Release|Any CPU
		{91B9BAC0-47E2-40FB-80B3-09357C003574}.Release|Any CPU.Build.0 = Release|Any CPU
		{A3D25D14-7D77-4417-A760-B269B785DE53}.Debug|Any CPU.ActiveCfg = Debug|Any CPU
		{A3D25D14-7D77-4417-A760-B269B785DE53}.Debug|Any CPU.Build.0 = Debug|Any CPU
		{A3D25D14-7D77-4417-A760-B269B785DE53}.Release|Any CPU.ActiveCfg = Release|Any CPU
		{A3D25D14-7D77-4417-A760-B269B785DE53}.Release|Any CPU.Build.0 = Release|Any CPU
		{B3C190D2-8B2E-4EFA-87A0-F8B44E458FB5}.Debug|Any CPU.ActiveCfg = Debug|Any CPU
		{B3C190D2-8B2E-4EFA-87A0-F8B44E458FB5}.Debug|Any CPU.Build.0 = Debug|Any CPU
		{B3C190D2-8B2E-4EFA-87A0-F8B44E458FB5}.Release|Any CPU.ActiveCfg = Release|Any CPU
		{B3C190D2-8B2E-4EFA-87A0-F8B44E458FB5}.Release|Any CPU.Build.0 = Release|Any CPU
		{0CEC6B13-ACC8-4EB5-82B4-444B9D07EC8B}.Debug|Any CPU.ActiveCfg = Debug|Any CPU
		{0CEC6B13-ACC8-4EB5-82B4-444B9D07EC8B}.Debug|Any CPU.Build.0 = Debug|Any CPU
		{0CEC6B13-ACC8-4EB5-82B4-444B9D07EC8B}.Release|Any CPU.ActiveCfg = Release|Any CPU
		{0CEC6B13-ACC8-4EB5-82B4-444B9D07EC8B}.Release|Any CPU.Build.0 = Release|Any CPU
		{B971EDD3-0CD5-4662-9C90-20F2650FABAC}.Debug|Any CPU.ActiveCfg = Debug|Any CPU
		{B971EDD3-0CD5-4662-9C90-20F2650FABAC}.Debug|Any CPU.Build.0 = Debug|Any CPU
		{B971EDD3-0CD5-4662-9C90-20F2650FABAC}.Release|Any CPU.ActiveCfg = Release|Any CPU
		{B971EDD3-0CD5-4662-9C90-20F2650FABAC}.Release|Any CPU.Build.0 = Release|Any CPU
		{F141BF88-1F03-4D7C-8AA5-8AA667ACF8DF}.Debug|Any CPU.ActiveCfg = Debug|Any CPU
		{F141BF88-1F03-4D7C-8AA5-8AA667ACF8DF}.Debug|Any CPU.Build.0 = Debug|Any CPU
		{F141BF88-1F03-4D7C-8AA5-8AA667ACF8DF}.Release|Any CPU.ActiveCfg = Release|Any CPU
		{F141BF88-1F03-4D7C-8AA5-8AA667ACF8DF}.Release|Any CPU.Build.0 = Release|Any CPU
		{06364D4E-066C-40D8-AE3E-F9C2E01BAB70}.Debug|Any CPU.ActiveCfg = Debug|Any CPU
		{06364D4E-066C-40D8-AE3E-F9C2E01BAB70}.Debug|Any CPU.Build.0 = Debug|Any CPU
		{06364D4E-066C-40D8-AE3E-F9C2E01BAB70}.Release|Any CPU.ActiveCfg = Release|Any CPU
		{06364D4E-066C-40D8-AE3E-F9C2E01BAB70}.Release|Any CPU.Build.0 = Release|Any CPU
		{04F875E8-19EB-4002-9BDB-5CE88A85D465}.Debug|Any CPU.ActiveCfg = Debug|Any CPU
		{04F875E8-19EB-4002-9BDB-5CE88A85D465}.Debug|Any CPU.Build.0 = Debug|Any CPU
		{04F875E8-19EB-4002-9BDB-5CE88A85D465}.Release|Any CPU.ActiveCfg = Release|Any CPU
		{04F875E8-19EB-4002-9BDB-5CE88A85D465}.Release|Any CPU.Build.0 = Release|Any CPU
		{275956D7-C035-4197-8096-26F03DA81A1D}.Debug|Any CPU.ActiveCfg = Debug|Any CPU
		{275956D7-C035-4197-8096-26F03DA81A1D}.Debug|Any CPU.Build.0 = Debug|Any CPU
		{275956D7-C035-4197-8096-26F03DA81A1D}.Release|Any CPU.ActiveCfg = Release|Any CPU
		{275956D7-C035-4197-8096-26F03DA81A1D}.Release|Any CPU.Build.0 = Release|Any CPU
		{08E93B05-4C71-4E16-92F1-D4CDFD2F51B9}.Debug|Any CPU.ActiveCfg = Debug|Any CPU
		{08E93B05-4C71-4E16-92F1-D4CDFD2F51B9}.Debug|Any CPU.Build.0 = Debug|Any CPU
		{08E93B05-4C71-4E16-92F1-D4CDFD2F51B9}.Release|Any CPU.ActiveCfg = Release|Any CPU
		{08E93B05-4C71-4E16-92F1-D4CDFD2F51B9}.Release|Any CPU.Build.0 = Release|Any CPU
		{75CC6481-D271-45C6-B40A-212743C5BD92}.Debug|Any CPU.ActiveCfg = Debug|Any CPU
		{75CC6481-D271-45C6-B40A-212743C5BD92}.Debug|Any CPU.Build.0 = Debug|Any CPU
		{75CC6481-D271-45C6-B40A-212743C5BD92}.Release|Any CPU.ActiveCfg = Release|Any CPU
		{75CC6481-D271-45C6-B40A-212743C5BD92}.Release|Any CPU.Build.0 = Release|Any CPU
		{12600781-7EC6-4091-8E43-0B89A0BD1BC1}.Debug|Any CPU.ActiveCfg = Debug|Any CPU
		{12600781-7EC6-4091-8E43-0B89A0BD1BC1}.Debug|Any CPU.Build.0 = Debug|Any CPU
		{12600781-7EC6-4091-8E43-0B89A0BD1BC1}.Release|Any CPU.ActiveCfg = Release|Any CPU
		{12600781-7EC6-4091-8E43-0B89A0BD1BC1}.Release|Any CPU.Build.0 = Release|Any CPU
		{550AE9C8-2A99-47B1-B4FF-A6EA71039B44}.Debug|Any CPU.ActiveCfg = Debug|Any CPU
		{550AE9C8-2A99-47B1-B4FF-A6EA71039B44}.Debug|Any CPU.Build.0 = Debug|Any CPU
		{550AE9C8-2A99-47B1-B4FF-A6EA71039B44}.Release|Any CPU.ActiveCfg = Release|Any CPU
		{550AE9C8-2A99-47B1-B4FF-A6EA71039B44}.Release|Any CPU.Build.0 = Release|Any CPU
		{1956D698-6CB1-48B2-9477-0D9C11AAD5B3}.Debug|Any CPU.ActiveCfg = Debug|Any CPU
		{1956D698-6CB1-48B2-9477-0D9C11AAD5B3}.Debug|Any CPU.Build.0 = Debug|Any CPU
		{1956D698-6CB1-48B2-9477-0D9C11AAD5B3}.Release|Any CPU.ActiveCfg = Release|Any CPU
		{1956D698-6CB1-48B2-9477-0D9C11AAD5B3}.Release|Any CPU.Build.0 = Release|Any CPU
		{C6B9A4EB-1E95-43BC-B308-35B6FA158BA1}.Debug|Any CPU.ActiveCfg = Debug|Any CPU
		{C6B9A4EB-1E95-43BC-B308-35B6FA158BA1}.Debug|Any CPU.Build.0 = Debug|Any CPU
		{C6B9A4EB-1E95-43BC-B308-35B6FA158BA1}.Release|Any CPU.ActiveCfg = Release|Any CPU
		{C6B9A4EB-1E95-43BC-B308-35B6FA158BA1}.Release|Any CPU.Build.0 = Release|Any CPU
		{8B4438B3-8817-4D48-93DC-D21E6347418A}.Debug|Any CPU.ActiveCfg = Debug|Any CPU
		{8B4438B3-8817-4D48-93DC-D21E6347418A}.Debug|Any CPU.Build.0 = Debug|Any CPU
		{8B4438B3-8817-4D48-93DC-D21E6347418A}.Release|Any CPU.ActiveCfg = Release|Any CPU
		{8B4438B3-8817-4D48-93DC-D21E6347418A}.Release|Any CPU.Build.0 = Release|Any CPU
		{F94BA742-0E2D-4C09-9559-531E167FB6D8}.Debug|Any CPU.ActiveCfg = Debug|Any CPU
		{F94BA742-0E2D-4C09-9559-531E167FB6D8}.Debug|Any CPU.Build.0 = Debug|Any CPU
		{F94BA742-0E2D-4C09-9559-531E167FB6D8}.Release|Any CPU.ActiveCfg = Release|Any CPU
		{F94BA742-0E2D-4C09-9559-531E167FB6D8}.Release|Any CPU.Build.0 = Release|Any CPU
	EndGlobalSection
	GlobalSection(NestedProjects) = preSolution
		{FA4BD3B3-388F-49FE-9E6E-78EB5F847D5A} = {AFEEF272-E245-4E34-A733-1A9F09638724}
		{5CF81ABD-E074-4BFA-A827-B00CDCDDE001} = {AFEEF272-E245-4E34-A733-1A9F09638724}
		{28F27DB3-F8DD-464F-966E-1EE0005C25A8} = {C8938910-23F7-4920-986B-43844A6F855D}
		{1A3CA294-0BC9-4440-81A8-A796D93F929E} = {AFEEF272-E245-4E34-A733-1A9F09638724}
		{8785CED2-2A26-4006-BD3B-9CC551D5C009} = {AFEEF272-E245-4E34-A733-1A9F09638724}
		{A49EB3E9-7818-4E4F-B873-56652CB345FF} = {C8938910-23F7-4920-986B-43844A6F855D}
		{BC0445D6-FC8B-47A6-8ADF-83E7EF7F08FF} = {C8938910-23F7-4920-986B-43844A6F855D}
		{D0DEC787-815E-49EA-890C-C464A30959A1} = {C8938910-23F7-4920-986B-43844A6F855D}
		{91B9BAC0-47E2-40FB-80B3-09357C003574} = {49B6504F-26BE-49DA-B758-91B3A7F71954}
		{A3D25D14-7D77-4417-A760-B269B785DE53} = {3C24A3D9-566A-4F38-89B7-A91D014C333E}
		{B3C190D2-8B2E-4EFA-87A0-F8B44E458FB5} = {3C24A3D9-566A-4F38-89B7-A91D014C333E}
		{0CEC6B13-ACC8-4EB5-82B4-444B9D07EC8B} = {3C24A3D9-566A-4F38-89B7-A91D014C333E}
		{B971EDD3-0CD5-4662-9C90-20F2650FABAC} = {D4A5D77C-09A4-47D9-A7B6-D0642DF93738}
		{F141BF88-1F03-4D7C-8AA5-8AA667ACF8DF} = {D4A5D77C-09A4-47D9-A7B6-D0642DF93738}
		{06364D4E-066C-40D8-AE3E-F9C2E01BAB70} = {D4A5D77C-09A4-47D9-A7B6-D0642DF93738}
		{04F875E8-19EB-4002-9BDB-5CE88A85D465} = {B1DC7C35-5097-4D0C-AF5A-46FDBEDC5D46}
		{275956D7-C035-4197-8096-26F03DA81A1D} = {B1DC7C35-5097-4D0C-AF5A-46FDBEDC5D46}
		{08E93B05-4C71-4E16-92F1-D4CDFD2F51B9} = {B1DC7C35-5097-4D0C-AF5A-46FDBEDC5D46}
		{75CC6481-D271-45C6-B40A-212743C5BD92} = {4A72D7EC-74AF-43BB-A6F8-0036761B0572}
		{12600781-7EC6-4091-8E43-0B89A0BD1BC1} = {4A72D7EC-74AF-43BB-A6F8-0036761B0572}
		{550AE9C8-2A99-47B1-B4FF-A6EA71039B44} = {4A72D7EC-74AF-43BB-A6F8-0036761B0572}
		{1956D698-6CB1-48B2-9477-0D9C11AAD5B3} = {4A72D7EC-74AF-43BB-A6F8-0036761B0572}
		{C6B9A4EB-1E95-43BC-B308-35B6FA158BA1} = {D4A5D77C-09A4-47D9-A7B6-D0642DF93738}
		{8B4438B3-8817-4D48-93DC-D21E6347418A} = {3C24A3D9-566A-4F38-89B7-A91D014C333E}
		{F94BA742-0E2D-4C09-9559-531E167FB6D8} = {B1DC7C35-5097-4D0C-AF5A-46FDBEDC5D46}
	EndGlobalSection
EndGlobal
